lockfileVersion: '6.0'

dependencies:
  dedent:
    specifier: ^0.7.0
    version: 0.7.0
  html-entities:
    specifier: ^2.3.3
    version: 2.3.3
  plist:
    specifier: ^3.0.6
    version: 3.0.6
  prompts:
    specifier: ^2.4.2
    version: 2.4.2

devDependencies:
  '@types/dedent':
    specifier: ^0.7.0
    version: 0.7.0
  '@types/node':
    specifier: ^18.16.3
    version: 18.16.3
  '@types/plist':
    specifier: ^3.0.2
    version: 3.0.2
  '@types/prompts':
    specifier: ^2.4.4
    version: 2.4.4
  prettier:
    specifier: ^2.8.8
    version: 2.8.8
  typescript:
    specifier: ^5.0.4
    version: 5.0.4

packages:

  /@types/dedent@0.7.0:
    resolution: {integrity: sha512-EGlKlgMhnLt/cM4DbUSafFdrkeJoC9Mvnj0PUCU7tFmTjMjNRT957kXCx0wYm3JuEq4o4ZsS5vG+NlkM2DMd2A==}
    dev: true

  /@types/node@18.16.3:
    resolution: {integrity: sha512-OPs5WnnT1xkCBiuQrZA4+YAV4HEJejmHneyraIaxsbev5yCEr6KMwINNFP9wQeFIw8FWcoTqF3vQsa5CDaI+8Q==}
    dev: true

  /@types/plist@3.0.2:
    resolution: {integrity: sha512-ULqvZNGMv0zRFvqn8/4LSPtnmN4MfhlPNtJCTpKuIIxGVGZ2rYWzFXrvEBoh9CVyqSE7D6YFRJ1hydLHI6kbWw==}
    dependencies:
      '@types/node': 18.16.3
      xmlbuilder: 15.1.1
    dev: true

  /@types/prompts@2.4.4:
    resolution: {integrity: sha512-p5N9uoTH76lLvSAaYSZtBCdEXzpOOufsRjnhjVSrZGXikVGHX9+cc9ERtHRV4hvBKHyZb1bg4K+56Bd2TqUn4A==}
    dependencies:
      '@types/node': 18.16.3
      kleur: 3.0.3
    dev: true

  /base64-js@1.5.1:
    resolution: {integrity: sha512-AKpaYlHn8t4SVbOHCy+b5+KKgvR4vrsD8vbvrbiQJps7fKDTkjkDry6ji0rUJjC0kzbNePLwzxq8iypo41qeWA==}
    dev: false

  /dedent@0.7.0:
    resolution: {integrity: sha512-Q6fKUPqnAHAyhiUgFU7BUzLiv0kd8saH9al7tnu5Q/okj6dnupxyTgFIBjVzJATdfIAm9NAsvXNzjaKa+bxVyA==}
    dev: false

  /html-entities@2.3.3:
    resolution: {integrity: sha512-DV5Ln36z34NNTDgnz0EWGBLZENelNAtkiFA4kyNOG2tDI6Mz1uSWiq1wAKdyjnJwyDiDO7Fa2SO1CTxPXL8VxA==}
    dev: false

  /kleur@3.0.3:
    resolution: {integrity: sha512-eTIzlVOSUR+JxdDFepEYcBMtZ9Qqdef+rnzWdRZuMbOywu5tO2w2N7rqjoANZ5k9vywhL6Br1VRjUIgTQx4E8w==}
    engines: {node: '>=6'}

  /plist@3.0.6:
    resolution: {integrity: sha512-WiIVYyrp8TD4w8yCvyeIr+lkmrGRd5u0VbRnU+tP/aRLxP/YadJUYOMZJ/6hIa3oUyVCsycXvtNRgd5XBJIbiA==}
    engines: {node: '>=6'}
    dependencies:
      base64-js: 1.5.1
      xmlbuilder: 15.1.1
    dev: false

  /prettier@2.8.8:
    resolution: {integrity: sha512-tdN8qQGvNjw4CHbY+XXk0JgCXn9QiF21a55rBe5LJAU+kDyC4WQn4+awm2Xfk2lQMk5fKup9XgzTZtGkjBdP9Q==}
    engines: {node: '>=10.13.0'}
    hasBin: true
    dev: true

  /prompts@2.4.2:
    resolution: {integrity: sha512-NxNv/kLguCA7p3jE8oL2aEBsrJWgAakBpgmgK6lpPWV+WuOmY6r2/zbAVnP+T8bQlA0nzHXSJSJW0Hq7ylaD2Q==}
    engines: {node: '>= 6'}
    dependencies:
      kleur: 3.0.3
      sisteransi: 1.0.5
    dev: false

  /sisteransi@1.0.5:
    resolution: {integrity: sha512-bLGGlR1QxBcynn2d5YmDX4MGjlZvy2MRBDRNHLJ8VI6l6+9FUiyTFNJ0IveOSP0bcXgVDPRcfGqA0pjaqUpfVg==}
    dev: false

  /typescript@5.0.4:
    resolution: {integrity: sha512-cW9T5W9xY37cc+jfEnaUvX91foxtHkza3Nw3wkoF4sSlKn0MONdkdEndig/qPBWXNkmplh3NzayQzCiHM4/hqw==}
    engines: {node: '>=12.20'}
    hasBin: true
    dev: true

  /xmlbuilder@15.1.1:
    resolution: {integrity: sha512-yMqGBqtXyeN1e3TGYvgNgDVZ3j84W4cwkOXQswghol6APgZWaff9lnbvN7MHYJOiXsvGPXtjTYJEiC9J2wv9Eg==}
    engines: {node: '>=8.0'}
